// !$*UTF8*$!
{
	archiveVersion = 1;
	classes = {
	};
	objectVersion = 50;
	objects = {

/* Begin PBXBuildFile section */
		81EDAE862303205E00170D1B /* AppDelegate.swift in Sources */ = {isa = PBXBuildFile; fileRef = 81EDAE852303205E00170D1B /* AppDelegate.swift */; };
		81EDAE882303205E00170D1B /* ViewController.swift in Sources */ = {isa = PBXBuildFile; fileRef = 81EDAE872303205E00170D1B /* ViewController.swift */; };
		81EDAE8B2303205E00170D1B /* Main.storyboard in Resources */ = {isa = PBXBuildFile; fileRef = 81EDAE892303205E00170D1B /* Main.storyboard */; };
		81EDAE8D2303206000170D1B /* Assets.xcassets in Resources */ = {isa = PBXBuildFile; fileRef = 81EDAE8C2303206000170D1B /* Assets.xcassets */; };
		81EDAE902303206000170D1B /* LaunchScreen.storyboard in Resources */ = {isa = PBXBuildFile; fileRef = 81EDAE8E2303206000170D1B /* LaunchScreen.storyboard */; };
		81EDAE9B2303206000170D1B /* diceeTests.swift in Sources */ = {isa = PBXBuildFile; fileRef = 81EDAE9A2303206000170D1B /* diceeTests.swift */; };
		81EDAEA62303206000170D1B /* diceeUITests.swift in Sources */ = {isa = PBXBuildFile; fileRef = 81EDAEA52303206000170D1B /* diceeUITests.swift */; };
/* End PBXBuildFile section */

/* Begin PBXContainerItemProxy section */
		81EDAE972303206000170D1B /* PBXContainerItemProxy */ = {
			isa = PBXContainerItemProxy;
			containerPortal = 81EDAE7A2303205E00170D1B /* Project object */;
			proxyType = 1;
			remoteGlobalIDString = 81EDAE812303205E00170D1B;
			remoteInfo = dicee;
		};
		81EDAEA22303206000170D1B /* PBXContainerItemProxy */ = {
			isa = PBXContainerItemProxy;
			containerPortal = 81EDAE7A2303205E00170D1B /* Project object */;
			proxyType = 1;
			remoteGlobalIDString = 81EDAE812303205E00170D1B;
			remoteInfo = dicee;
		};
/* End PBXContainerItemProxy section */

/* Begin PBXFileReference section */
		81EDAE822303205E00170D1B /* dicee.app */ = {isa = PBXFileReference; explicitFileType = wrapper.application; includeInIndex = 0; path = dicee.app; sourceTree = BUILT_PRODUCTS_DIR; };
		81EDAE852303205E00170D1B /* AppDelegate.swift */ = {isa = PBXFileReference; lastKnownFileType = sourcecode.swift; path = AppDelegate.swift; sourceTree = "<group>"; };
		81EDAE872303205E00170D1B /* ViewController.swift */ = {isa = PBXFileReference; lastKnownFileType = sourcecode.swift; path = ViewController.swift; sourceTree = "<group>"; };
		81EDAE8A2303205E00170D1B /* Base */ = {isa = PBXFileReference; lastKnownFileType = file.storyboard; name = Base; path = Base.lproj/Main.storyboard; sourceTree = "<group>"; };
		81EDAE8C2303206000170D1B /* Assets.xcassets */ = {isa = PBXFileReference; lastKnownFileType = folder.assetcatalog; path = Assets.xcassets; sourceTree = "<group>"; };
		81EDAE8F2303206000170D1B /* Base */ = {isa = PBXFileReference; lastKnownFileType = file.storyboard; name = Base; path = Base.lproj/LaunchScreen.storyboard; sourceTree = "<group>"; };
		81EDAE912303206000170D1B /* Info.plist */ = {isa = PBXFileReference; lastKnownFileType = text.plist.xml; path = Info.plist; sourceTree = "<group>"; };
		81EDAE962303206000170D1B /* diceeTests.xctest */ = {isa = PBXFileReference; explicitFileType = wrapper.cfbundle; includeInIndex = 0; path = diceeTests.xctest; sourceTree = BUILT_PRODUCTS_DIR; };
		81EDAE9A2303206000170D1B /* diceeTests.swift */ = {isa = PBXFileReference; lastKnownFileType = sourcecode.swift; path = diceeTests.swift; sourceTree = "<group>"; };
		81EDAE9C2303206000170D1B /* Info.plist */ = {isa = PBXFileReference; lastKnownFileType = text.plist.xml; path = Info.plist; sourceTree = "<group>"; };
		81EDAEA12303206000170D1B /* diceeUITests.xctest */ = {isa = PBXFileReference; explicitFileType = wrapper.cfbundle; includeInIndex = 0; path = diceeUITests.xctest; sourceTree = BUILT_PRODUCTS_DIR; };
		81EDAEA52303206000170D1B /* diceeUITests.swift */ = {isa = PBXFileReference; lastKnownFileType = sourcecode.swift; path = diceeUITests.swift; sourceTree = "<group>"; };
		81EDAEA72303206000170D1B /* Info.plist */ = {isa = PBXFileReference; lastKnownFileType = text.plist.xml; path = Info.plist; sourceTree = "<group>"; };
/* End PBXFileReference section */

/* Begin PBXFrameworksBuildPhase section */
		81EDAE7F2303205E00170D1B /* Frameworks */ = {
			isa = PBXFrameworksBuildPhase;
			buildActionMask = 2147483647;
			files = (
			);
			runOnlyForDeploymentPostprocessing = 0;
		};
		81EDAE932303206000170D1B /* Frameworks */ = {
			isa = PBXFrameworksBuildPhase;
			buildActionMask = 2147483647;
			files = (
			);
			runOnlyForDeploymentPostprocessing = 0;
		};
		81EDAE9E2303206000170D1B /* Frameworks */ = {
			isa = PBXFrameworksBuildPhase;
			buildActionMask = 2147483647;
			files = (
			);
			runOnlyForDeploymentPostprocessing = 0;
		};
/* End PBXFrameworksBuildPhase section */

/* Begin PBXGroup section */
		81EDAE792303205E00170D1B = {
			isa = PBXGroup;
			children = (
				81EDAE842303205E00170D1B /* dicee */,
				81EDAE992303206000170D1B /* diceeTests */,
				81EDAEA42303206000170D1B /* diceeUITests */,
				81EDAE832303205E00170D1B /* Products */,
			);
			sourceTree = "<group>";
		};
		81EDAE832303205E00170D1B /* Products */ = {
			isa = PBXGroup;
			children = (
				81EDAE822303205E00170D1B /* dicee.app */,
				81EDAE962303206000170D1B /* diceeTests.xctest */,
				81EDAEA12303206000170D1B /* diceeUITests.xctest */,
			);
			name = Products;
			sourceTree = "<group>";
		};
		81EDAE842303205E00170D1B /* dicee */ = {
			isa = PBXGroup;
			children = (
				81EDAE852303205E00170D1B /* AppDelegate.swift */,
				81EDAE872303205E00170D1B /* ViewController.swift */,
				81EDAE892303205E00170D1B /* Main.storyboard */,
				81EDAE8C2303206000170D1B /* Assets.xcassets */,
				81EDAE8E2303206000170D1B /* LaunchScreen.storyboard */,
				81EDAE912303206000170D1B /* Info.plist */,
			);
			path = dicee;
			sourceTree = "<group>";
		};
		81EDAE992303206000170D1B /* diceeTests */ = {
			isa = PBXGroup;
			children = (
				81EDAE9A2303206000170D1B /* diceeTests.swift */,
				81EDAE9C2303206000170D1B /* Info.plist */,
			);
			path = diceeTests;
			sourceTree = "<group>";
		};
		81EDAEA42303206000170D1B /* diceeUITests */ = {
			isa = PBXGroup;
			children = (
				81EDAEA52303206000170D1B /* diceeUITests.swift */,
				81EDAEA72303206000170D1B /* Info.plist */,
			);
			path = diceeUITests;
			sourceTree = "<group>";
		};
/* End PBXGroup section */

/* Begin PBXNativeTarget section */
		81EDAE812303205E00170D1B /* dicee */ = {
			isa = PBXNativeTarget;
			buildConfigurationList = 81EDAEAA2303206000170D1B /* Build configuration list for PBXNativeTarget "dicee" */;
			buildPhases = (
				81EDAE7E2303205E00170D1B /* Sources */,
				81EDAE7F2303205E00170D1B /* Frameworks */,
				81EDAE802303205E00170D1B /* Resources */,
			);
			buildRules = (
			);
			dependencies = (
			);
			name = dicee;
			productName = dicee;
			productReference = 81EDAE822303205E00170D1B /* dicee.app */;
			productType = "com.apple.product-type.application";
		};
		81EDAE952303206000170D1B /* diceeTests */ = {
			isa = PBXNativeTarget;
			buildConfigurationList = 81EDAEAD2303206000170D1B /* Build configuration list for PBXNativeTarget "diceeTests" */;
			buildPhases = (
				81EDAE922303206000170D1B /* Sources */,
				81EDAE932303206000170D1B /* Frameworks */,
				81EDAE942303206000170D1B /* Resources */,
			);
			buildRules = (
			);
			dependencies = (
				81EDAE982303206000170D1B /* PBXTargetDependency */,
			);
			name = diceeTests;
			productName = diceeTests;
			productReference = 81EDAE962303206000170D1B /* diceeTests.xctest */;
			productType = "com.apple.product-type.bundle.unit-test";
		};
		81EDAEA02303206000170D1B /* diceeUITests */ = {
			isa = PBXNativeTarget;
			buildConfigurationList = 81EDAEB02303206000170D1B /* Build configuration list for PBXNativeTarget "diceeUITests" */;
			buildPhases = (
				81EDAE9D2303206000170D1B /* Sources */,
				81EDAE9E2303206000170D1B /* Frameworks */,
				81EDAE9F2303206000170D1B /* Resources */,
			);
			buildRules = (
			);
			dependencies = (
				81EDAEA32303206000170D1B /* PBXTargetDependency */,
			);
			name = diceeUITests;
			productName = diceeUITests;
			productReference = 81EDAEA12303206000170D1B /* diceeUITests.xctest */;
			productType = "com.apple.product-type.bundle.ui-testing";
		};
/* End PBXNativeTarget section */

/* Begin PBXProject section */
		81EDAE7A2303205E00170D1B /* Project object */ = {
			isa = PBXProject;
			attributes = {
				LastSwiftUpdateCheck = 1030;
				LastUpgradeCheck = 1030;
				ORGANIZATIONNAME = In.kpro;
				TargetAttributes = {
					81EDAE812303205E00170D1B = {
						CreatedOnToolsVersion = 10.3;
					};
					81EDAE952303206000170D1B = {
						CreatedOnToolsVersion = 10.3;
						TestTargetID = 81EDAE812303205E00170D1B;
					};
					81EDAEA02303206000170D1B = {
						CreatedOnToolsVersion = 10.3;
						TestTargetID = 81EDAE812303205E00170D1B;
					};
				};
			};
			buildConfigurationList = 81EDAE7D2303205E00170D1B /* Build configuration list for PBXProject "dicee" */;
			compatibilityVersion = "Xcode 9.3";
			developmentRegion = en;
			hasScannedForEncodings = 0;
			knownRegions = (
				en,
				Base,
			);
			mainGroup = 81EDAE792303205E00170D1B;
			productRefGroup = 81EDAE832303205E00170D1B /* Products */;
			projectDirPath = "";
			projectRoot = "";
			targets = (
				81EDAE812303205E00170D1B /* dicee */,
				81EDAE952303206000170D1B /* diceeTests */,
				81EDAEA02303206000170D1B /* diceeUITests */,
			);
		};
/* End PBXProject section */

/* Begin PBXResourcesBuildPhase section */
		81EDAE802303205E00170D1B /* Resources */ = {
			isa = PBXResourcesBuildPhase;
			buildActionMask = 2147483647;
			files = (
				81EDAE902303206000170D1B /* LaunchScreen.storyboard in Resources */,
				81EDAE8D2303206000170D1B /* Assets.xcassets in Resources */,
				81EDAE8B2303205E00170D1B /* Main.storyboard in Resources */,
			);
			runOnlyForDeploymentPostprocessing = 0;
		};
		81EDAE942303206000170D1B /* Resources */ = {
			isa = PBXResourcesBuildPhase;
			buildActionMask = 2147483647;
			files = (
			);
			runOnlyForDeploymentPostprocessing = 0;
		};
		81EDAE9F2303206000170D1B /* Resources */ = {
			isa = PBXResourcesBuildPhase;
			buildActionMask = 2147483647;
			files = (
			);
			runOnlyForDeploymentPostprocessing = 0;
		};
/* End PBXResourcesBuildPhase section */

/* Begin PBXSourcesBuildPhase section */
		81EDAE7E2303205E00170D1B /* Sources */ = {
			isa = PBXSourcesBuildPhase;
			buildActionMask = 2147483647;
			files = (
				81EDAE882303205E00170D1B /* ViewController.swift in Sources */,
				81EDAE862303205E00170D1B /* AppDelegate.swift in Sources */,
			);
			runOnlyForDeploymentPostprocessing = 0;
		};
		81EDAE922303206000170D1B /* Sources */ = {
			isa = PBXSourcesBuildPhase;
			buildActionMask = 2147483647;
			files = (
				81EDAE9B2303206000170D1B /* diceeTests.swift in Sources */,
			);
			runOnlyForDeploymentPostprocessing = 0;
		};
		81EDAE9D2303206000170D1B /* Sources */ = {
			isa = PBXSourcesBuildPhase;
			buildActionMask = 2147483647;
			files = (
				81EDAEA62303206000170D1B /* diceeUITests.swift in Sources */,
			);
			runOnlyForDeploymentPostprocessing = 0;
		};
/* End PBXSourcesBuildPhase section */

/* Begin PBXTargetDependency section */
		81EDAE982303206000170D1B /* PBXTargetDependency */ = {
			isa = PBXTargetDependency;
			target = 81EDAE812303205E00170D1B /* dicee */;
			targetProxy = 81EDAE972303206000170D1B /* PBXContainerItemProxy */;
		};
		81EDAEA32303206000170D1B /* PBXTargetDependency */ = {
			isa = PBXTargetDependency;
			target = 81EDAE812303205E00170D1B /* dicee */;
			targetProxy = 81EDAEA22303206000170D1B /* PBXContainerItemProxy */;
		};
/* End PBXTargetDependency section */

/* Begin PBXVariantGroup section */
		81EDAE892303205E00170D1B /* Main.storyboard */ = {
			isa = PBXVariantGroup;
			children = (
				81EDAE8A2303205E00170D1B /* Base */,
			);
			name = Main.storyboard;
			sourceTree = "<group>";
		};
		81EDAE8E2303206000170D1B /* LaunchScreen.storyboard */ = {
			isa = PBXVariantGroup;
			children = (
				81EDAE8F2303206000170D1B /* Base */,
			);
			name = LaunchScreen.storyboard;
			sourceTree = "<group>";
		};
/* End PBXVariantGroup section */

/* Begin XCBuildConfiguration section */
		81EDAEA82303206000170D1B /* Debug */ = {
			isa = XCBuildConfiguration;
			buildSettings = {
				ALWAYS_SEARCH_USER_PATHS = NO;
				CLANG_ANALYZER_NONNULL = YES;
				CLANG_ANALYZER_NUMBER_OBJECT_CONVERSION = YES_AGGRESSIVE;
				CLANG_CXX_LANGUAGE_STANDARD = "gnu++14";
				CLANG_CXX_LIBRARY = "libc++";
				CLANG_ENABLE_MODULES = YES;
				CLANG_ENABLE_OBJC_ARC = YES;
				CLANG_ENABLE_OBJC_WEAK = YES;
				CLANG_WARN_BLOCK_CAPTURE_AUTORELEASING = YES;
				CLANG_WARN_BOOL_CONVERSION = YES;
				CLANG_WARN_COMMA = YES;
				CLANG_WARN_CONSTANT_CONVERSION = YES;
				CLANG_WARN_DEPRECATED_OBJC_IMPLEMENTATIONS = YES;
				CLANG_WARN_DIRECT_OBJC_ISA_USAGE = YES_ERROR;
				CLANG_WARN_DOCUMENTATION_COMMENTS = YES;
				CLANG_WARN_EMPTY_BODY = YES;
				CLANG_WARN_ENUM_CONVERSION = YES;
				CLANG_WARN_INFINITE_RECURSION = YES;
				CLANG_WARN_INT_CONVERSION = YES;
				CLANG_WARN_NON_LITERAL_NULL_CONVERSION = YES;
				CLANG_WARN_OBJC_IMPLICIT_RETAIN_SELF = YES;
				CLANG_WARN_OBJC_LITERAL_CONVERSION = YES;
				CLANG_WARN_OBJC_ROOT_CLASS = YES_ERROR;
				CLANG_WARN_RANGE_LOOP_ANALYSIS = YES;
				CLANG_WARN_STRICT_PROTOTYPES = YES;
				CLANG_WARN_SUSPICIOUS_MOVE = YES;
				CLANG_WARN_UNGUARDED_AVAILABILITY = YES_AGGRESSIVE;
				CLANG_WARN_UNREACHABLE_CODE = YES;
				CLANG_WARN__DUPLICATE_METHOD_MATCH = YES;
				CODE_SIGN_IDENTITY = "iPhone Developer";
				COPY_PHASE_STRIP = NO;
				DEBUG_INFORMATION_FORMAT = dwarf;
				ENABLE_STRICT_OBJC_MSGSEND = YES;
				ENABLE_TESTABILITY = YES;
				GCC_C_LANGUAGE_STANDARD = gnu11;
				GCC_DYNAMIC_NO_PIC = NO;
				GCC_NO_COMMON_BLOCKS = YES;
				GCC_OPTIMIZATION_LEVEL = 0;
				GCC_PREPROCESSOR_DEFINITIONS = (
					"DEBUG=1",
					"$(inherited)",
				);
				GCC_WARN_64_TO_32_BIT_CONVERSION = YES;
				GCC_WARN_ABOUT_RETURN_TYPE = YES_ERROR;
				GCC_WARN_UNDECLARED_SELECTOR = YES;
				GCC_WARN_UNINITIALIZED_AUTOS = YES_AGGRESSIVE;
				GCC_WARN_UNUSED_FUNCTION = YES;
				GCC_WARN_UNUSED_VARIABLE = YES;
				IPHONEOS_DEPLOYMENT_TARGET = 12.4;
				MTL_ENABLE_DEBUG_INFO = INCLUDE_SOURCE;
				MTL_FAST_MATH = YES;
				ONLY_ACTIVE_ARCH = YES;
				SDKROOT = iphoneos;
				SWIFT_ACTIVE_COMPILATION_CONDITIONS = DEBUG;
				SWIFT_OPTIMIZATION_LEVEL = "-Onone";
			};
			name = Debug;
		};
		81EDAEA92303206000170D1B /* Release */ = {
			isa = XCBuildConfiguration;
			buildSettings = {
				ALWAYS_SEARCH_USER_PATHS = NO;
				CLANG_ANALYZER_NONNULL = YES;
				CLANG_ANALYZER_NUMBER_OBJECT_CONVERSION = YES_AGGRESSIVE;
				CLANG_CXX_LANGUAGE_STANDARD = "gnu++14";
				CLANG_CXX_LIBRARY = "libc++";
				CLANG_ENABLE_MODULES = YES;
				CLANG_ENABLE_OBJC_ARC = YES;
				CLANG_ENABLE_OBJC_WEAK = YES;
				CLANG_WARN_BLOCK_CAPTURE_AUTORELEASING = YES;
				CLANG_WARN_BOOL_CONVERSION = YES;
				CLANG_WARN_COMMA = YES;
				CLANG_WARN_CONSTANT_CONVERSION = YES;
				CLANG_WARN_DEPRECATED_OBJC_IMPLEMENTATIONS = YES;
				CLANG_WARN_DIRECT_OBJC_ISA_USAGE = YES_ERROR;
				CLANG_WARN_DOCUMENTATION_COMMENTS = YES;
				CLANG_WARN_EMPTY_BODY = YES;
				CLANG_WARN_ENUM_CONVERSION = YES;
				CLANG_WARN_INFINITE_RECURSION = YES;
				CLANG_WARN_INT_CONVERSION = YES;
				CLANG_WARN_NON_LITERAL_NULL_CONVERSION = YES;
				CLANG_WARN_OBJC_IMPLICIT_RETAIN_SELF = YES;
				CLANG_WARN_OBJC_LITERAL_CONVERSION = YES;
				CLANG_WARN_OBJC_ROOT_CLASS = YES_ERROR;
				CLANG_WARN_RANGE_LOOP_ANALYSIS = YES;
				CLANG_WARN_STRICT_PROTOTYPES = YES;
				CLANG_WARN_SUSPICIOUS_MOVE = YES;
				CLANG_WARN_UNGUARDED_AVAILABILITY = YES_AGGRESSIVE;
				CLANG_WARN_UNREACHABLE_CODE = YES;
				CLANG_WARN__DUPLICATE_METHOD_MATCH = YES;
				CODE_SIGN_IDENTITY = "iPhone Developer";
				COPY_PHASE_STRIP = NO;
				DEBUG_INFORMATION_FORMAT = "dwarf-with-dsym";
				ENABLE_NS_ASSERTIONS = NO;
				ENABLE_STRICT_OBJC_MSGSEND = YES;
				GCC_C_LANGUAGE_STANDARD = gnu11;
				GCC_NO_COMMON_BLOCKS = YES;
				GCC_WARN_64_TO_32_BIT_CONVERSION = YES;
				GCC_WARN_ABOUT_RETURN_TYPE = YES_ERROR;
				GCC_WARN_UNDECLARED_SELECTOR = YES;
				GCC_WARN_UNINITIALIZED_AUTOS = YES_AGGRESSIVE;
				GCC_WARN_UNUSED_FUNCTION = YES;
				GCC_WARN_UNUSED_VARIABLE = YES;
				IPHONEOS_DEPLOYMENT_TARGET = 12.4;
				MTL_ENABLE_DEBUG_INFO = NO;
				MTL_FAST_MATH = YES;
				SDKROOT = iphoneos;
				SWIFT_COMPILATION_MODE = wholemodule;
				SWIFT_OPTIMIZATION_LEVEL = "-O";
				VALIDATE_PRODUCT = YES;
			};
			name = Release;
		};
		81EDAEAB2303206000170D1B /* Debug */ = {
			isa = XCBuildConfiguration;
			buildSettings = {
				ASSETCATALOG_COMPILER_APPICON_NAME = AppIcon;
				CODE_SIGN_STYLE = Automatic;
				INFOPLIST_FILE = dicee/Info.plist;
				LD_RUNPATH_SEARCH_PATHS = (
					"$(inherited)",
					"@executable_path/Frameworks",
				);
				PRODUCT_BUNDLE_IDENTIFIER = com.In.kpro.dicee;
				PRODUCT_NAME = "$(TARGET_NAME)";
				SWIFT_VERSION = 5.0;
				TARGETED_DEVICE_FAMILY = "1,2";
			};
			name = Debug;
		};
		81EDAEAC2303206000170D1B /* Release */ = {
			isa = XCBuildConfiguration;
			buildSettings = {
				ASSETCATALOG_COMPILER_APPICON_NAME = AppIcon;
				CODE_SIGN_STYLE = Automatic;
				INFOPLIST_FILE = dicee/Info.plist;
				LD_RUNPATH_SEARCH_PATHS = (
					"$(inherited)",
					"@executable_path/Frameworks",
				);
				PRODUCT_BUNDLE_IDENTIFIER = com.In.kpro.dicee;
				PRODUCT_NAME = "$(TARGET_NAME)";
				SWIFT_VERSION = 5.0;
				TARGETED_DEVICE_FAMILY = "1,2";
			};
			name = Release;
		};
		81EDAEAE2303206000170D1B /* Debug */ = {
			isa = XCBuildConfiguration;
			buildSettings = {
				ALWAYS_EMBED_SWIFT_STANDARD_LIBRARIES = YES;
				BUNDLE_LOADER = "$(TEST_HOST)";
				CODE_SIGN_STYLE = Automatic;
				INFOPLIST_FILE = diceeTests/Info.plist;
				LD_RUNPATH_SEARCH_PATHS = (
					"$(inherited)",
					"@executable_path/Frameworks",
					"@loader_path/Frameworks",
				);
				PRODUCT_BUNDLE_IDENTIFIER = com.In.kpro.diceeTests;
				PRODUCT_NAME = "$(TARGET_NAME)";
				SWIFT_VERSION = 5.0;
				TARGETED_DEVICE_FAMILY = "1,2";
				TEST_HOST = "$(BUILT_PRODUCTS_DIR)/dicee.app/dicee";
			};
			name = Debug;
		};
		81EDAEAF2303206000170D1B /* Release */ = {
			isa = XCBuildConfiguration;
			buildSettings = {
				ALWAYS_EMBED_SWIFT_STANDARD_LIBRARIES = YES;
				BUNDLE_LOADER = "$(TEST_HOST)";
				CODE_SIGN_STYLE = Automatic;
				INFOPLIST_FILE = diceeTests/Info.plist;
				LD_RUNPATH_SEARCH_PATHS = (
					"$(inherited)",
					"@executable_path/Frameworks",
					"@loader_path/Frameworks",
				);
				PRODUCT_BUNDLE_IDENTIFIER = com.In.kpro.diceeTests;
				PRODUCT_NAME = "$(TARGET_NAME)";
				SWIFT_VERSION = 5.0;
				TARGETED_DEVICE_FAMILY = "1,2";
				TEST_HOST = "$(BUILT_PRODUCTS_DIR)/dicee.app/dicee";
			};
			name = Release;
		};
		81EDAEB12303206000170D1B /* Debug */ = {
			isa = XCBuildConfiguration;
			buildSettings = {
				ALWAYS_EMBED_SWIFT_STANDARD_LIBRARIES = YES;
				CODE_SIGN_STYLE = Automatic;
				INFOPLIST_FILE = diceeUITests/Info.plist;
				LD_RUNPATH_SEARCH_PATHS = (
					"$(inherited)",
					"@executable_path/Frameworks",
					"@loader_path/Frameworks",
				);
				PRODUCT_BUNDLE_IDENTIFIER = com.In.kpro.diceeUITests;
				PRODUCT_NAME = "$(TARGET_NAME)";
				SWIFT_VERSION = 5.0;
				TARGETED_DEVICE_FAMILY = "1,2";
				TEST_TARGET_NAME = dicee;
			};
			name = Debug;
		};
		81EDAEB22303206000170D1B /* Release */ = {
			isa = XCBuildConfiguration;
			buildSettings = {
				ALWAYS_EMBED_SWIFT_STANDARD_LIBRARIES = YES;
				CODE_SIGN_STYLE = Automatic;
				INFOPLIST_FILE = diceeUITests/Info.plist;
				LD_RUNPATH_SEARCH_PATHS = (
					"$(inherited)",
					"@executable_path/Frameworks",
					"@loader_path/Frameworks",
				);
				PRODUCT_BUNDLE_IDENTIFIER = com.In.kpro.diceeUITests;
				PRODUCT_NAME = "$(TARGET_NAME)";
				SWIFT_VERSION = 5.0;
				TARGETED_DEVICE_FAMILY = "1,2";
				TEST_TARGET_NAME = dicee;
			};
			name = Release;
		};
/* End XCBuildConfiguration section */

/* Begin XCConfigurationList section */
		81EDAE7D2303205E00170D1B /* Build configuration list for PBXProject "dicee" */ = {
			isa = XCConfigurationList;
			buildConfigurations = (
				81EDAEA82303206000170D1B /* Debug */,
				81EDAEA92303206000170D1B /* Release */,
			);
			defaultConfigurationIsVisible = 0;
			defaultConfigurationName = Release;
		};
		81EDAEAA2303206000170D1B /* Build configuration list for PBXNativeTarget "dicee" */ = {
			isa = XCConfigurationList;
			buildConfigurations = (
				81EDAEAB2303206000170D1B /* Debug */,
				81EDAEAC2303206000170D1B /* Release */,
			);
			defaultConfigurationIsVisible = 0;
			defaultConfigurationName = Release;
		};
		81EDAEAD2303206000170D1B /* Build configuration list for PBXNativeTarget "diceeTests" */ = {
			isa = XCConfigurationList;
			buildConfigurations = (
				81EDAEAE2303206000170D1B /* Debug */,
				81EDAEAF2303206000170D1B /* Release */,
			);
			defaultConfigurationIsVisible = 0;
			defaultConfigurationName = Release;
		};
		81EDAEB02303206000170D1B /* Build configuration list for PBXNativeTarget "diceeUITests" */ = {
			isa = XCConfigurationList;
			buildConfigurations = (
				81EDAEB12303206000170D1B /* Debug */,
				81EDAEB22303206000170D1B /* Release */,
			);
			defaultConfigurationIsVisible = 0;
			defaultConfigurationName = Release;
		};
/* End XCConfigurationList section */
	};
	rootObject = 81EDAE7A2303205E00170D1B /* Project object */;
}
